# This file is automatically @generated by Cargo.
# It is not intended for manual editing.
version = 4

[[package]]
name = "umbrix-bsp-qemu-virt"
version = "0.0.1"
dependencies = [
 "umbrix-hal",
 "umbrix-kernel",
]

[[package]]
name = "umbrix-hal"
version = "0.0.1"

[[package]]
name = "umbrix-kernel"
version = "0.0.1"
dependencies = [
 "umbrix-hal",
 "umbrix-test-hal",
]

[[package]]
name = "umbrix-test-hal"
version = "0.0.1"
dependencies = [
 "umbrix-hal",
]
